
Microsoft Visual Studio Solution File, Format Version 12.00
# Visual Studio Version 16
VisualStudioVersion = 16.0.30711.63
MinimumVisualStudioVersion = 10.0.40219.1
Project("{9A19103F-16F7-4668-BE54-9A1E7A4F7556}") = "LINQ.ConsoleApp", "LINQ.Console\LINQ.ConsoleApp.csproj", "{2B86B44A-3D46-4348-904B-4F1FB4189E5B}"
EndProject
Project("{FAE04EC0-301F-11D3-BF4B-00C04F79EFBC}") = "LINQ.ClassLib", "LINQ.ClassLib\LINQ.ClassLib.csproj", "{43DC9DC6-76F5-4C65-B533-9AED6EF286CE}"
EndProject
Global
	GlobalSection(SolutionConfigurationPlatforms) = preSolution
		Debug|Any CPU = Debug|Any CPU
		Release|Any CPU = Release|Any CPU
	EndGlobalSection
	GlobalSection(ProjectConfigurationPlatforms) = postSolution
		{2B86B44A-3D46-4348-904B-4F1FB4189E5B}.Debug|Any CPU.ActiveCfg = Debug|Any CPU
		{2B86B44A-3D46-4348-904B-4F1FB4189E5B}.Debug|Any CPU.Build.0 = Debug|Any CPU
		{2B86B44A-3D46-4348-904B-4F1FB4189E5B}.Release|Any CPU.ActiveCfg = Release|Any CPU
		{2B86B44A-3D46-4348-904B-4F1FB4189E5B}.Release|Any CPU.Build.0 = Release|Any CPU
		{43DC9DC6-76F5-4C65-B533-9AED6EF286CE}.Debug|Any CPU.ActiveCfg = Debug|Any CPU
		{43DC9DC6-76F5-4C65-B533-9AED6EF286CE}.Debug|Any CPU.Build.0 = Debug|Any CPU
		{43DC9DC6-76F5-4C65-B533-9AED6EF286CE}.Release|Any CPU.ActiveCfg = Release|Any CPU
		{43DC9DC6-76F5-4C65-B533-9AED6EF286CE}.Release|Any CPU.Build.0 = Release|Any CPU
	EndGlobalSection
	GlobalSection(SolutionProperties) = preSolution
		HideSolutionNode = FALSE
	EndGlobalSection
	GlobalSection(ExtensibilityGlobals) = postSolution
		SolutionGuid = {CA9166A8-E8CE-46D3-8894-0F3DB2B02E01}
	EndGlobalSection
EndGlobal
